
Microsoft Visual Studio Solution File, Format Version 12.00
# Visual Studio Version 17
VisualStudioVersion = 17.2.32526.322
MinimumVisualStudioVersion = 10.0.40219.1
Project("{FAE04EC0-301F-11D3-BF4B-00C04F79EFBC}") = "Frent Project", "Frent Project\Frent Project.csproj", "{165BDE73-473E-4ECF-A7B9-F232F39B152E}"
EndProject
Global
	GlobalSection(SolutionConfigurationPlatforms) = preSolution
		Debug|Any CPU = Debug|Any CPU
		Release|Any CPU = Release|Any CPU
	EndGlobalSection
	GlobalSection(ProjectConfigurationPlatforms) = postSolution
		{165BDE73-473E-4ECF-A7B9-F232F39B152E}.Debug|Any CPU.ActiveCfg = Debug|Any CPU
		{165BDE73-473E-4ECF-A7B9-F232F39B152E}.Debug|Any CPU.Build.0 = Debug|Any CPU
		{165BDE73-473E-4ECF-A7B9-F232F39B152E}.Release|Any CPU.ActiveCfg = Release|Any CPU
		{165BDE73-473E-4ECF-A7B9-F232F39B152E}.Release|Any CPU.Build.0 = Release|Any CPU
	EndGlobalSection
	GlobalSection(SolutionProperties) = preSolution
		HideSolutionNode = FALSE
	EndGlobalSection
	GlobalSection(ExtensibilityGlobals) = postSolution
		SolutionGuid = {1F52D07F-7296-4468-B189-75C8A632D0CB}
	EndGlobalSection
EndGlobal
